// !$*UTF8*$!
{
	archiveVersion = 1;
	classes = {
	};
	objectVersion = 46;
	objects = {

/* Begin PBXBuildFile section */
		5AEF25FC1F468E940068ECA7 /* AppDelegate.swift in Sources */ = {isa = PBXBuildFile; fileRef = 5AEF25FB1F468E940068ECA7 /* AppDelegate.swift */; };
		5AEF25FE1F468E940068ECA7 /* ViewController.swift in Sources */ = {isa = PBXBuildFile; fileRef = 5AEF25FD1F468E940068ECA7 /* ViewController.swift */; };
		5AEF26011F468E940068ECA7 /* Main.storyboard in Resources */ = {isa = PBXBuildFile; fileRef = 5AEF25FF1F468E940068ECA7 /* Main.storyboard */; };
		5AEF26031F468E940068ECA7 /* Assets.xcassets in Resources */ = {isa = PBXBuildFile; fileRef = 5AEF26021F468E940068ECA7 /* Assets.xcassets */; };
		5AEF26061F468E940068ECA7 /* LaunchScreen.storyboard in Resources */ = {isa = PBXBuildFile; fileRef = 5AEF26041F468E940068ECA7 /* LaunchScreen.storyboard */; };
		5E859729936A055157D54DC7 /* Pods_clarifaiApp.framework in Frameworks */ = {isa = PBXBuildFile; fileRef = F382D3D0A891E60DD2E99957 /* Pods_clarifaiApp.framework */; };
/* End PBXBuildFile section */

/* Begin PBXFileReference section */
		0DABCF46B0CF37F83EBC6E4A /* Pods-clarifaiApp.release.xcconfig */ = {isa = PBXFileReference; includeInIndex = 1; lastKnownFileType = text.xcconfig; name = "Pods-clarifaiApp.release.xcconfig"; path = "Pods/Target Support Files/Pods-clarifaiApp/Pods-clarifaiApp.release.xcconfig"; sourceTree = "<group>"; };
		265763978DA521057E9E1FB2 /* Pods-clarifaiApp.debug.xcconfig */ = {isa = PBXFileReference; includeInIndex = 1; lastKnownFileType = text.xcconfig; name = "Pods-clarifaiApp.debug.xcconfig"; path = "Pods/Target Support Files/Pods-clarifaiApp/Pods-clarifaiApp.debug.xcconfig"; sourceTree = "<group>"; };
		5AEF25F81F468E940068ECA7 /* clarifaiApp.app */ = {isa = PBXFileReference; explicitFileType = wrapper.application; includeInIndex = 0; path = clarifaiApp.app; sourceTree = BUILT_PRODUCTS_DIR; };
		5AEF25FB1F468E940068ECA7 /* AppDelegate.swift */ = {isa = PBXFileReference; lastKnownFileType = sourcecode.swift; path = AppDelegate.swift; sourceTree = "<group>"; };
		5AEF25FD1F468E940068ECA7 /* ViewController.swift */ = {isa = PBXFileReference; lastKnownFileType = sourcecode.swift; path = ViewController.swift; sourceTree = "<group>"; };
		5AEF26001F468E940068ECA7 /* Base */ = {isa = PBXFileReference; lastKnownFileType = file.storyboard; name = Base; path = Base.lproj/Main.storyboard; sourceTree = "<group>"; };
		5AEF26021F468E940068ECA7 /* Assets.xcassets */ = {isa = PBXFileReference; lastKnownFileType = folder.assetcatalog; path = Assets.xcassets; sourceTree = "<group>"; };
		5AEF26051F468E940068ECA7 /* Base */ = {isa = PBXFileReference; lastKnownFileType = file.storyboard; name = Base; path = Base.lproj/LaunchScreen.storyboard; sourceTree = "<group>"; };
		5AEF26071F468E940068ECA7 /* Info.plist */ = {isa = PBXFileReference; lastKnownFileType = text.plist.xml; path = Info.plist; sourceTree = "<group>"; };
		F382D3D0A891E60DD2E99957 /* Pods_clarifaiApp.framework */ = {isa = PBXFileReference; explicitFileType = wrapper.framework; includeInIndex = 0; path = Pods_clarifaiApp.framework; sourceTree = BUILT_PRODUCTS_DIR; };
/* End PBXFileReference section */

/* Begin PBXFrameworksBuildPhase section */
		5AEF25F51F468E940068ECA7 /* Frameworks */ = {
			isa = PBXFrameworksBuildPhase;
			buildActionMask = 2147483647;
			files = (
				5E859729936A055157D54DC7 /* Pods_clarifaiApp.framework in Frameworks */,
			);
			runOnlyForDeploymentPostprocessing = 0;
		};
/* End PBXFrameworksBuildPhase section */

/* Begin PBXGroup section */
		0FA71B447FC1E6B12F024E6D /* Frameworks */ = {
			isa = PBXGroup;
			children = (
				F382D3D0A891E60DD2E99957 /* Pods_clarifaiApp.framework */,
			);
			name = Frameworks;
			sourceTree = "<group>";
		};
		5AEF25EF1F468E940068ECA7 = {
			isa = PBXGroup;
			children = (
				5AEF25FA1F468E940068ECA7 /* clarifaiApp */,
				5AEF25F91F468E940068ECA7 /* Products */,
				830690DE89A171CE16CFC455 /* Pods */,
				0FA71B447FC1E6B12F024E6D /* Frameworks */,
			);
			sourceTree = "<group>";
		};
		5AEF25F91F468E940068ECA7 /* Products */ = {
			isa = PBXGroup;
			children = (
				5AEF25F81F468E940068ECA7 /* clarifaiApp.app */,
			);
			name = Products;
			sourceTree = "<group>";
		};
		5AEF25FA1F468E940068ECA7 /* clarifaiApp */ = {
			isa = PBXGroup;
			children = (
				5AEF25FB1F468E940068ECA7 /* AppDelegate.swift */,
				5AEF25FD1F468E940068ECA7 /* ViewController.swift */,
				5AEF25FF1F468E940068ECA7 /* Main.storyboard */,
				5AEF26021F468E940068ECA7 /* Assets.xcassets */,
				5AEF26041F468E940068ECA7 /* LaunchScreen.storyboard */,
				5AEF26071F468E940068ECA7 /* Info.plist */,
			);
			path = clarifaiApp;
			sourceTree = "<group>";
		};
		830690DE89A171CE16CFC455 /* Pods */ = {
			isa = PBXGroup;
			children = (
				265763978DA521057E9E1FB2 /* Pods-clarifaiApp.debug.xcconfig */,
				0DABCF46B0CF37F83EBC6E4A /* Pods-clarifaiApp.release.xcconfig */,
			);
			name = Pods;
			sourceTree = "<group>";
		};
/* End PBXGroup section */

/* Begin PBXNativeTarget section */
		5AEF25F71F468E940068ECA7 /* clarifaiApp */ = {
			isa = PBXNativeTarget;
			buildConfigurationList = 5AEF260A1F468E940068ECA7 /* Build configuration list for PBXNativeTarget "clarifaiApp" */;
			buildPhases = (
				F891AD31342F0913748640F1 /* [CP] Check Pods Manifest.lock */,
				5AEF25F41F468E940068ECA7 /* Sources */,
				5AEF25F51F468E940068ECA7 /* Frameworks */,
				5AEF25F61F468E940068ECA7 /* Resources */,
				F3D6A553DFC0B83B37650A06 /* [CP] Embed Pods Frameworks */,
				B97B70C874DDC50ADE5D665F /* [CP] Copy Pods Resources */,
			);
			buildRules = (
			);
			dependencies = (
			);
			name = clarifaiApp;
			productName = clarifaiApp;
			productReference = 5AEF25F81F468E940068ECA7 /* clarifaiApp.app */;
			productType = "com.apple.product-type.application";
		};
/* End PBXNativeTarget section */

/* Begin PBXProject section */
		5AEF25F01F468E940068ECA7 /* Project object */ = {
			isa = PBXProject;
			attributes = {
				LastSwiftUpdateCheck = 0820;
				LastUpgradeCheck = 0820;
				ORGANIZATIONNAME = partywolfAPPS;
				TargetAttributes = {
					5AEF25F71F468E940068ECA7 = {
						CreatedOnToolsVersion = 8.2.1;
						DevelopmentTeam = 6T3TA6MQ82;
						ProvisioningStyle = Automatic;
					};
				};
			};
			buildConfigurationList = 5AEF25F31F468E940068ECA7 /* Build configuration list for PBXProject "clarifaiApp" */;
			compatibilityVersion = "Xcode 3.2";
			developmentRegion = English;
			hasScannedForEncodings = 0;
			knownRegions = (
				en,
				Base,
			);
			mainGroup = 5AEF25EF1F468E940068ECA7;
			productRefGroup = 5AEF25F91F468E940068ECA7 /* Products */;
			projectDirPath = "";
			projectRoot = "";
			targets = (
				5AEF25F71F468E940068ECA7 /* clarifaiApp */,
			);
		};
/* End PBXProject section */

/* Begin PBXResourcesBuildPhase section */
		5AEF25F61F468E940068ECA7 /* Resources */ = {
			isa = PBXResourcesBuildPhase;
			buildActionMask = 2147483647;
			files = (
				5AEF26061F468E940068ECA7 /* LaunchScreen.storyboard in Resources */,
				5AEF26031F468E940068ECA7 /* Assets.xcassets in Resources */,
				5AEF26011F468E940068ECA7 /* Main.storyboard in Resources */,
			);
			runOnlyForDeploymentPostprocessing = 0;
		};
/* End PBXResourcesBuildPhase section */

/* Begin PBXShellScriptBuildPhase section */
		B97B70C874DDC50ADE5D665F /* [CP] Copy Pods Resources */ = {
			isa = PBXShellScriptBuildPhase;
			buildActionMask = 2147483647;
			files = (
			);
			inputPaths = (
			);
			name = "[CP] Copy Pods Resources";
			outputPaths = (
			);
			runOnlyForDeploymentPostprocessing = 0;
			shellPath = /bin/sh;
			shellScript = "\"${SRCROOT}/Pods/Target Support Files/Pods-clarifaiApp/Pods-clarifaiApp-resources.sh\"\n";
			showEnvVarsInLog = 0;
		};
		F3D6A553DFC0B83B37650A06 /* [CP] Embed Pods Frameworks */ = {
			isa = PBXShellScriptBuildPhase;
			buildActionMask = 2147483647;
			files = (
			);
			inputPaths = (
				"${SRCROOT}/Pods/Target Support Files/Pods-clarifaiApp/Pods-clarifaiApp-frameworks.sh",
				"${BUILT_PRODUCTS_DIR}/AFNetworking/AFNetworking.framework",
				"${BUILT_PRODUCTS_DIR}/Clarifai/Clarifai.framework",
			);
			name = "[CP] Embed Pods Frameworks";
			outputPaths = (
				"${TARGET_BUILD_DIR}/${FRAMEWORKS_FOLDER_PATH}/AFNetworking.framework",
				"${TARGET_BUILD_DIR}/${FRAMEWORKS_FOLDER_PATH}/Clarifai.framework",
			);
			runOnlyForDeploymentPostprocessing = 0;
			shellPath = /bin/sh;
			shellScript = "\"${SRCROOT}/Pods/Target Support Files/Pods-clarifaiApp/Pods-clarifaiApp-frameworks.sh\"\n";
			showEnvVarsInLog = 0;
		};
		F891AD31342F0913748640F1 /* [CP] Check Pods Manifest.lock */ = {
			isa = PBXShellScriptBuildPhase;
			buildActionMask = 2147483647;
			files = (
			);
			inputPaths = (
				"${PODS_PODFILE_DIR_PATH}/Podfile.lock",
				"${PODS_ROOT}/Manifest.lock",
			);
			name = "[CP] Check Pods Manifest.lock";
			outputPaths = (
				"$(DERIVED_FILE_DIR)/Pods-clarifaiApp-checkManifestLockResult.txt",
			);
			runOnlyForDeploymentPostprocessing = 0;
			shellPath = /bin/sh;
			shellScript = "diff \"${PODS_PODFILE_DIR_PATH}/Podfile.lock\" \"${PODS_ROOT}/Manifest.lock\" > /dev/null\nif [ $? != 0 ] ; then\n    # print error to STDERR\n    echo \"error: The sandbox is not in sync with the Podfile.lock. Run 'pod install' or update your CocoaPods installation.\" >&2\n    exit 1\nfi\n# This output is used by Xcode 'outputs' to avoid re-running this script phase.\necho \"SUCCESS\" > \"${SCRIPT_OUTPUT_FILE_0}\"\n";
			showEnvVarsInLog = 0;
		};
/* End PBXShellScriptBuildPhase section */

/* Begin PBXSourcesBuildPhase section */
		5AEF25F41F468E940068ECA7 /* Sources */ = {
			isa = PBXSourcesBuildPhase;
			buildActionMask = 2147483647;
			files = (
				5AEF25FE1F468E940068ECA7 /* ViewController.swift in Sources */,
				5AEF25FC1F468E940068ECA7 /* AppDelegate.swift in Sources */,
			);
			runOnlyForDeploymentPostprocessing = 0;
		};
/* End PBXSourcesBuildPhase section */

/* Begin PBXVariantGroup section */
		5AEF25FF1F468E940068ECA7 /* Main.storyboard */ = {
			isa = PBXVariantGroup;
			children = (
				5AEF26001F468E940068ECA7 /* Base */,
			);
			name = Main.storyboard;
			sourceTree = "<group>";
		};
		5AEF26041F468E940068ECA7 /* LaunchScreen.storyboard */ = {
			isa = PBXVariantGroup;
			children = (
				5AEF26051F468E940068ECA7 /* Base */,
			);
			name = LaunchScreen.storyboard;
			sourceTree = "<group>";
		};
/* End PBXVariantGroup section */

/* Begin XCBuildConfiguration section */
		5AEF26081F468E940068ECA7 /* Debug */ = {
			isa = XCBuildConfiguration;
			buildSettings = {
				ALWAYS_SEARCH_USER_PATHS = NO;
				CLANG_ANALYZER_NONNULL = YES;
				CLANG_CXX_LANGUAGE_STANDARD = "gnu++0x";
				CLANG_CXX_LIBRARY = "libc++";
				CLANG_ENABLE_MODULES = YES;
				CLANG_ENABLE_OBJC_ARC = YES;
				CLANG_WARN_BOOL_CONVERSION = YES;
				CLANG_WARN_CONSTANT_CONVERSION = YES;
				CLANG_WARN_DIRECT_OBJC_ISA_USAGE = YES_ERROR;
				CLANG_WARN_DOCUMENTATION_COMMENTS = YES;
				CLANG_WARN_EMPTY_BODY = YES;
				CLANG_WARN_ENUM_CONVERSION = YES;
				CLANG_WARN_INFINITE_RECURSION = YES;
				CLANG_WARN_INT_CONVERSION = YES;
				CLANG_WARN_OBJC_ROOT_CLASS = YES_ERROR;
				CLANG_WARN_SUSPICIOUS_MOVE = YES;
				CLANG_WARN_UNREACHABLE_CODE = YES;
				CLANG_WARN__DUPLICATE_METHOD_MATCH = YES;
				"CODE_SIGN_IDENTITY[sdk=iphoneos*]" = "iPhone Developer";
				COPY_PHASE_STRIP = NO;
				DEBUG_INFORMATION_FORMAT = dwarf;
				ENABLE_STRICT_OBJC_MSGSEND = YES;
				ENABLE_TESTABILITY = YES;
				GCC_C_LANGUAGE_STANDARD = gnu99;
				GCC_DYNAMIC_NO_PIC = NO;
				GCC_NO_COMMON_BLOCKS = YES;
				GCC_OPTIMIZATION_LEVEL = 0;
				GCC_PREPROCESSOR_DEFINITIONS = (
					"DEBUG=1",
					"$(inherited)",
				);
				GCC_WARN_64_TO_32_BIT_CONVERSION = YES;
				GCC_WARN_ABOUT_RETURN_TYPE = YES_ERROR;
				GCC_WARN_UNDECLARED_SELECTOR = YES;
				GCC_WARN_UNINITIALIZED_AUTOS = YES_AGGRESSIVE;
				GCC_WARN_UNUSED_FUNCTION = YES;
				GCC_WARN_UNUSED_VARIABLE = YES;
				IPHONEOS_DEPLOYMENT_TARGET = 10.2;
				MTL_ENABLE_DEBUG_INFO = YES;
				ONLY_ACTIVE_ARCH = YES;
				SDKROOT = iphoneos;
				SWIFT_ACTIVE_COMPILATION_CONDITIONS = DEBUG;
				SWIFT_OPTIMIZATION_LEVEL = "-Onone";
			};
			name = Debug;
		};
		5AEF26091F468E940068ECA7 /* Release */ = {
			isa = XCBuildConfiguration;
			buildSettings = {
				ALWAYS_SEARCH_USER_PATHS = NO;
				CLANG_ANALYZER_NONNULL = YES;
				CLANG_CXX_LANGUAGE_STANDARD = "gnu++0x";
				CLANG_CXX_LIBRARY = "libc++";
				CLANG_ENABLE_MODULES = YES;
				CLANG_ENABLE_OBJC_ARC = YES;
				CLANG_WARN_BOOL_CONVERSION = YES;
				CLANG_WARN_CONSTANT_CONVERSION = YES;
				CLANG_WARN_DIRECT_OBJC_ISA_USAGE = YES_ERROR;
				CLANG_WARN_DOCUMENTATION_COMMENTS = YES;
				CLANG_WARN_EMPTY_BODY = YES;
				CLANG_WARN_ENUM_CONVERSION = YES;
				CLANG_WARN_INFINITE_RECURSION = YES;
				CLANG_WARN_INT_CONVERSION = YES;
				CLANG_WARN_OBJC_ROOT_CLASS = YES_ERROR;
				CLANG_WARN_SUSPICIOUS_MOVE = YES;
				CLANG_WARN_UNREACHABLE_CODE = YES;
				CLANG_WARN__DUPLICATE_METHOD_MATCH = YES;
				"CODE_SIGN_IDENTITY[sdk=iphoneos*]" = "iPhone Developer";
				COPY_PHASE_STRIP = NO;
				DEBUG_INFORMATION_FORMAT = "dwarf-with-dsym";
				ENABLE_NS_ASSERTIONS = NO;
				ENABLE_STRICT_OBJC_MSGSEND = YES;
				GCC_C_LANGUAGE_STANDARD = gnu99;
				GCC_NO_COMMON_BLOCKS = YES;
				GCC_WARN_64_TO_32_BIT_CONVERSION = YES;
				GCC_WARN_ABOUT_RETURN_TYPE = YES_ERROR;
				GCC_WARN_UNDECLARED_SELECTOR = YES;
				GCC_WARN_UNINITIALIZED_AUTOS = YES_AGGRESSIVE;
				GCC_WARN_UNUSED_FUNCTION = YES;
				GCC_WARN_UNUSED_VARIABLE = YES;
				IPHONEOS_DEPLOYMENT_TARGET = 10.2;
				MTL_ENABLE_DEBUG_INFO = NO;
				SDKROOT = iphoneos;
				SWIFT_OPTIMIZATION_LEVEL = "-Owholemodule";
				VALIDATE_PRODUCT = YES;
			};
			name = Release;
		};
		5AEF260B1F468E940068ECA7 /* Debug */ = {
			isa = XCBuildConfiguration;
			baseConfigurationReference = 265763978DA521057E9E1FB2 /* Pods-clarifaiApp.debug.xcconfig */;
			buildSettings = {
				ASSETCATALOG_COMPILER_APPICON_NAME = AppIcon;
				DEVELOPMENT_TEAM = 6T3TA6MQ82;
				INFOPLIST_FILE = clarifaiApp/Info.plist;
				IPHONEOS_DEPLOYMENT_TARGET = 9.3;
				LD_RUNPATH_SEARCH_PATHS = "$(inherited) @executable_path/Frameworks";
				PRODUCT_BUNDLE_IDENTIFIER = com.partywolfAPPS.clarifaiApp;
				PRODUCT_NAME = "$(TARGET_NAME)";
				SWIFT_VERSION = 3.0;
				TARGETED_DEVICE_FAMILY = 2;
			};
			name = Debug;
		};
		5AEF260C1F468E940068ECA7 /* Release */ = {
			isa = XCBuildConfiguration;
			baseConfigurationReference = 0DABCF46B0CF37F83EBC6E4A /* Pods-clarifaiApp.release.xcconfig */;
			buildSettings = {
				ASSETCATALOG_COMPILER_APPICON_NAME = AppIcon;
				DEVELOPMENT_TEAM = 6T3TA6MQ82;
				INFOPLIST_FILE = clarifaiApp/Info.plist;
				IPHONEOS_DEPLOYMENT_TARGET = 9.3;
				LD_RUNPATH_SEARCH_PATHS = "$(inherited) @executable_path/Frameworks";
				PRODUCT_BUNDLE_IDENTIFIER = com.partywolfAPPS.clarifaiApp;
				PRODUCT_NAME = "$(TARGET_NAME)";
				SWIFT_VERSION = 3.0;
				TARGETED_DEVICE_FAMILY = 2;
			};
			name = Release;
		};
/* End XCBuildConfiguration section */

/* Begin XCConfigurationList section */
		5AEF25F31F468E940068ECA7 /* Build configuration list for PBXProject "clarifaiApp" */ = {
			isa = XCConfigurationList;
			buildConfigurations = (
				5AEF26081F468E940068ECA7 /* Debug */,
				5AEF26091F468E940068ECA7 /* Release */,
			);
			defaultConfigurationIsVisible = 0;
			defaultConfigurationName = Release;
		};
		5AEF260A1F468E940068ECA7 /* Build configuration list for PBXNativeTarget "clarifaiApp" */ = {
			isa = XCConfigurationList;
			buildConfigurations = (
				5AEF260B1F468E940068ECA7 /* Debug */,
				5AEF260C1F468E940068ECA7 /* Release */,
			);
			defaultConfigurationIsVisible = 0;
			defaultConfigurationName = Release;
		};
/* End XCConfigurationList section */
	};
	rootObject = 5AEF25F01F468E940068ECA7 /* Project object */;
}
